
Microsoft Visual Studio Solution File, Format Version 12.00
# Visual Studio Version 16
VisualStudioVersion = 16.0.29326.143
MinimumVisualStudioVersion = 10.0.40219.1
Project("{FAE04EC0-301F-11D3-BF4B-00C04F79EFBC}") = "kim01", "kim01\kim01.csproj", "{B940C542-799C-4836-8177-041FB3CFBF72}"
EndProject
Global
	GlobalSection(SolutionConfigurationPlatforms) = preSolution
		Debug|Any CPU = Debug|Any CPU
		Release|Any CPU = Release|Any CPU
	EndGlobalSection
	GlobalSection(ProjectConfigurationPlatforms) = postSolution
		{B940C542-799C-4836-8177-041FB3CFBF72}.Debug|Any CPU.ActiveCfg = Debug|Any CPU
		{B940C542-799C-4836-8177-041FB3CFBF72}.Debug|Any CPU.Build.0 = Debug|Any CPU
		{B940C542-799C-4836-8177-041FB3CFBF72}.Release|Any CPU.ActiveCfg = Release|Any CPU
		{B940C542-799C-4836-8177-041FB3CFBF72}.Release|Any CPU.Build.0 = Release|Any CPU
	EndGlobalSection
	GlobalSection(SolutionProperties) = preSolution
		HideSolutionNode = FALSE
	EndGlobalSection
	GlobalSection(ExtensibilityGlobals) = postSolution
		SolutionGuid = {2E9187F0-A435-4A7E-86E3-6537A9B0C801}
	EndGlobalSection
EndGlobal
